
Microsoft Visual Studio Solution File, Format Version 12.00
# Visual Studio Version 17
VisualStudioVersion = 17.6.33815.320
MinimumVisualStudioVersion = 10.0.40219.1
Project("{FAE04EC0-301F-11D3-BF4B-00C04F79EFBC}") = "TaxiCALC", "TaxiCALC\TaxiCALC.csproj", "{31A71A78-3C78-4D72-816A-21481E24AEA5}"
EndProject
Global
	GlobalSection(SolutionConfigurationPlatforms) = preSolution
		Debug|Any CPU = Debug|Any CPU
		Release|Any CPU = Release|Any CPU
	EndGlobalSection
	GlobalSection(ProjectConfigurationPlatforms) = postSolution
		{31A71A78-3C78-4D72-816A-21481E24AEA5}.Debug|Any CPU.ActiveCfg = Debug|Any CPU
		{31A71A78-3C78-4D72-816A-21481E24AEA5}.Debug|Any CPU.Build.0 = Debug|Any CPU
		{31A71A78-3C78-4D72-816A-21481E24AEA5}.Release|Any CPU.ActiveCfg = Release|Any CPU
		{31A71A78-3C78-4D72-816A-21481E24AEA5}.Release|Any CPU.Build.0 = Release|Any CPU
	EndGlobalSection
	GlobalSection(SolutionProperties) = preSolution
		HideSolutionNode = FALSE
	EndGlobalSection
	GlobalSection(ExtensibilityGlobals) = postSolution
		SolutionGuid = {AB71B789-3A3F-4218-B440-48D756DC49D6}
	EndGlobalSection
EndGlobal
